// !$*UTF8*$!
{
	archiveVersion = 1;
	classes = {
	};
	objectVersion = 50;
	objects = {

/* Begin PBXBuildFile section */
		03076EE6234926260059D1A1 /* ReportnMenu_VC.swift in Sources */ = {isa = PBXBuildFile; fileRef = 03076EE5234926260059D1A1 /* ReportnMenu_VC.swift */; };
		03076EE8234A6E9E0059D1A1 /* studyRptByDate_VC.swift in Sources */ = {isa = PBXBuildFile; fileRef = 03076EE7234A6E9E0059D1A1 /* studyRptByDate_VC.swift */; };
		03076EEA234A8A540059D1A1 /* stdyRptByDateCell_VC.swift in Sources */ = {isa = PBXBuildFile; fileRef = 03076EE9234A8A530059D1A1 /* stdyRptByDateCell_VC.swift */; };
		034138AA233968F9002D1B8F /* StudyEntry_VC.swift in Sources */ = {isa = PBXBuildFile; fileRef = 034138A9233968F9002D1B8F /* StudyEntry_VC.swift */; };
		034922E1234495D9003F705E /* StudyTargets_VC.swift in Sources */ = {isa = PBXBuildFile; fileRef = 034922E0234495D9003F705E /* StudyTargets_VC.swift */; };
		0358B26923543FEE00CE9AFD /* StudyTargets_V2_VC.swift in Sources */ = {isa = PBXBuildFile; fileRef = 0358B26823543FEE00CE9AFD /* StudyTargets_V2_VC.swift */; };
		0358B26B23551FEB00CE9AFD /* TargetsReport_VC.swift in Sources */ = {isa = PBXBuildFile; fileRef = 0358B26A23551FEB00CE9AFD /* TargetsReport_VC.swift */; };
		0378063F2337C43400B18953 /* AppDelegate.swift in Sources */ = {isa = PBXBuildFile; fileRef = 0378063E2337C43400B18953 /* AppDelegate.swift */; };
		037806412337C43400B18953 /* SceneDelegate.swift in Sources */ = {isa = PBXBuildFile; fileRef = 037806402337C43400B18953 /* SceneDelegate.swift */; };
		037806462337C43400B18953 /* Main.storyboard in Resources */ = {isa = PBXBuildFile; fileRef = 037806442337C43400B18953 /* Main.storyboard */; };
		037806492337C43400B18953 /* MyStudyTime.xcdatamodeld in Sources */ = {isa = PBXBuildFile; fileRef = 037806472337C43400B18953 /* MyStudyTime.xcdatamodeld */; };
		0378064B2337C43500B18953 /* Assets.xcassets in Resources */ = {isa = PBXBuildFile; fileRef = 0378064A2337C43500B18953 /* Assets.xcassets */; };
		0378064E2337C43500B18953 /* LaunchScreen.storyboard in Resources */ = {isa = PBXBuildFile; fileRef = 0378064C2337C43500B18953 /* LaunchScreen.storyboard */; };
		037806562337C4D900B18953 /* StudyMainPage_VC.swift in Sources */ = {isa = PBXBuildFile; fileRef = 037806552337C4D900B18953 /* StudyMainPage_VC.swift */; };
		039257CC2357AAF6009D51F5 /* SubjectReport_VC.swift in Sources */ = {isa = PBXBuildFile; fileRef = 039257CB2357AAF6009D51F5 /* SubjectReport_VC.swift */; };
		039257CE2357B31B009D51F5 /* SubjectReportCell_VC.swift in Sources */ = {isa = PBXBuildFile; fileRef = 039257CD2357B31B009D51F5 /* SubjectReportCell_VC.swift */; };
		03ED96F4235F8AF5009C7273 /* Maintenance_VC.swift in Sources */ = {isa = PBXBuildFile; fileRef = 03ED96F3235F8AF5009C7273 /* Maintenance_VC.swift */; };
		03F1A569235FA26700DEB312 /* DeleteRecord_VC.swift in Sources */ = {isa = PBXBuildFile; fileRef = 03F1A568235FA26700DEB312 /* DeleteRecord_VC.swift */; };
		03F1A56B235FB34900DEB312 /* delStudyRecCell_VC.swift in Sources */ = {isa = PBXBuildFile; fileRef = 03F1A56A235FB34900DEB312 /* delStudyRecCell_VC.swift */; };
		03F1A56D2368DAE000DEB312 /* TargetDetailsRpt_VC.swift in Sources */ = {isa = PBXBuildFile; fileRef = 03F1A56C2368DAE000DEB312 /* TargetDetailsRpt_VC.swift */; };
		03F1A56F2368E52300DEB312 /* TargetsDetailsRptCell_TVC.swift in Sources */ = {isa = PBXBuildFile; fileRef = 03F1A56E2368E52300DEB312 /* TargetsDetailsRptCell_TVC.swift */; };
/* End PBXBuildFile section */

/* Begin PBXFileReference section */
		03076EE5234926260059D1A1 /* ReportnMenu_VC.swift */ = {isa = PBXFileReference; lastKnownFileType = sourcecode.swift; path = ReportnMenu_VC.swift; sourceTree = "<group>"; };
		03076EE7234A6E9E0059D1A1 /* studyRptByDate_VC.swift */ = {isa = PBXFileReference; lastKnownFileType = sourcecode.swift; path = studyRptByDate_VC.swift; sourceTree = "<group>"; };
		03076EE9234A8A530059D1A1 /* stdyRptByDateCell_VC.swift */ = {isa = PBXFileReference; lastKnownFileType = sourcecode.swift; path = stdyRptByDateCell_VC.swift; sourceTree = "<group>"; };
		034138A9233968F9002D1B8F /* StudyEntry_VC.swift */ = {isa = PBXFileReference; lastKnownFileType = sourcecode.swift; path = StudyEntry_VC.swift; sourceTree = "<group>"; };
		034922E0234495D9003F705E /* StudyTargets_VC.swift */ = {isa = PBXFileReference; lastKnownFileType = sourcecode.swift; path = StudyTargets_VC.swift; sourceTree = "<group>"; };
		0358B26823543FEE00CE9AFD /* StudyTargets_V2_VC.swift */ = {isa = PBXFileReference; lastKnownFileType = sourcecode.swift; path = StudyTargets_V2_VC.swift; sourceTree = "<group>"; };
		0358B26A23551FEB00CE9AFD /* TargetsReport_VC.swift */ = {isa = PBXFileReference; lastKnownFileType = sourcecode.swift; path = TargetsReport_VC.swift; sourceTree = "<group>"; };
		0378063B2337C43400B18953 /* MyStudyTime.app */ = {isa = PBXFileReference; explicitFileType = wrapper.application; includeInIndex = 0; path = MyStudyTime.app; sourceTree = BUILT_PRODUCTS_DIR; };
		0378063E2337C43400B18953 /* AppDelegate.swift */ = {isa = PBXFileReference; lastKnownFileType = sourcecode.swift; path = AppDelegate.swift; sourceTree = "<group>"; };
		037806402337C43400B18953 /* SceneDelegate.swift */ = {isa = PBXFileReference; lastKnownFileType = sourcecode.swift; path = SceneDelegate.swift; sourceTree = "<group>"; };
		037806452337C43400B18953 /* Base */ = {isa = PBXFileReference; lastKnownFileType = file.storyboard; name = Base; path = Base.lproj/Main.storyboard; sourceTree = "<group>"; };
		037806482337C43400B18953 /* MyStudyTime.xcdatamodel */ = {isa = PBXFileReference; lastKnownFileType = wrapper.xcdatamodel; path = MyStudyTime.xcdatamodel; sourceTree = "<group>"; };
		0378064A2337C43500B18953 /* Assets.xcassets */ = {isa = PBXFileReference; lastKnownFileType = folder.assetcatalog; path = Assets.xcassets; sourceTree = "<group>"; };
		0378064D2337C43500B18953 /* Base */ = {isa = PBXFileReference; lastKnownFileType = file.storyboard; name = Base; path = Base.lproj/LaunchScreen.storyboard; sourceTree = "<group>"; };
		0378064F2337C43500B18953 /* Info.plist */ = {isa = PBXFileReference; lastKnownFileType = text.plist.xml; path = Info.plist; sourceTree = "<group>"; };
		037806552337C4D900B18953 /* StudyMainPage_VC.swift */ = {isa = PBXFileReference; lastKnownFileType = sourcecode.swift; path = StudyMainPage_VC.swift; sourceTree = "<group>"; };
		039257CB2357AAF6009D51F5 /* SubjectReport_VC.swift */ = {isa = PBXFileReference; lastKnownFileType = sourcecode.swift; path = SubjectReport_VC.swift; sourceTree = "<group>"; };
		039257CD2357B31B009D51F5 /* SubjectReportCell_VC.swift */ = {isa = PBXFileReference; lastKnownFileType = sourcecode.swift; path = SubjectReportCell_VC.swift; sourceTree = "<group>"; };
		03ED96F3235F8AF5009C7273 /* Maintenance_VC.swift */ = {isa = PBXFileReference; lastKnownFileType = sourcecode.swift; path = Maintenance_VC.swift; sourceTree = "<group>"; };
		03F1A568235FA26700DEB312 /* DeleteRecord_VC.swift */ = {isa = PBXFileReference; lastKnownFileType = sourcecode.swift; path = DeleteRecord_VC.swift; sourceTree = "<group>"; };
		03F1A56A235FB34900DEB312 /* delStudyRecCell_VC.swift */ = {isa = PBXFileReference; lastKnownFileType = sourcecode.swift; path = delStudyRecCell_VC.swift; sourceTree = "<group>"; };
		03F1A56C2368DAE000DEB312 /* TargetDetailsRpt_VC.swift */ = {isa = PBXFileReference; lastKnownFileType = sourcecode.swift; path = TargetDetailsRpt_VC.swift; sourceTree = "<group>"; };
		03F1A56E2368E52300DEB312 /* TargetsDetailsRptCell_TVC.swift */ = {isa = PBXFileReference; lastKnownFileType = sourcecode.swift; path = TargetsDetailsRptCell_TVC.swift; sourceTree = "<group>"; };
/* End PBXFileReference section */

/* Begin PBXFrameworksBuildPhase section */
		037806382337C43400B18953 /* Frameworks */ = {
			isa = PBXFrameworksBuildPhase;
			buildActionMask = 2147483647;
			files = (
			);
			runOnlyForDeploymentPostprocessing = 0;
		};
/* End PBXFrameworksBuildPhase section */

/* Begin PBXGroup section */
		037806322337C43400B18953 = {
			isa = PBXGroup;
			children = (
				03F1A56E2368E52300DEB312 /* TargetsDetailsRptCell_TVC.swift */,
				037806552337C4D900B18953 /* StudyMainPage_VC.swift */,
				0378063D2337C43400B18953 /* MyStudyTime */,
				0378063C2337C43400B18953 /* Products */,
			);
			sourceTree = "<group>";
		};
		0378063C2337C43400B18953 /* Products */ = {
			isa = PBXGroup;
			children = (
				0378063B2337C43400B18953 /* MyStudyTime.app */,
			);
			name = Products;
			sourceTree = "<group>";
		};
		0378063D2337C43400B18953 /* MyStudyTime */ = {
			isa = PBXGroup;
			children = (
				0378063E2337C43400B18953 /* AppDelegate.swift */,
				037806402337C43400B18953 /* SceneDelegate.swift */,
				037806442337C43400B18953 /* Main.storyboard */,
				03F1A56C2368DAE000DEB312 /* TargetDetailsRpt_VC.swift */,
				03F1A56A235FB34900DEB312 /* delStudyRecCell_VC.swift */,
				03ED96F3235F8AF5009C7273 /* Maintenance_VC.swift */,
				039257CD2357B31B009D51F5 /* SubjectReportCell_VC.swift */,
				039257CB2357AAF6009D51F5 /* SubjectReport_VC.swift */,
				0358B26A23551FEB00CE9AFD /* TargetsReport_VC.swift */,
				0358B26823543FEE00CE9AFD /* StudyTargets_V2_VC.swift */,
				03076EE9234A8A530059D1A1 /* stdyRptByDateCell_VC.swift */,
				03076EE7234A6E9E0059D1A1 /* studyRptByDate_VC.swift */,
				03076EE5234926260059D1A1 /* ReportnMenu_VC.swift */,
				034138A9233968F9002D1B8F /* StudyEntry_VC.swift */,
				0378064A2337C43500B18953 /* Assets.xcassets */,
				03F1A568235FA26700DEB312 /* DeleteRecord_VC.swift */,
				034922E0234495D9003F705E /* StudyTargets_VC.swift */,
				0378064C2337C43500B18953 /* LaunchScreen.storyboard */,
				0378064F2337C43500B18953 /* Info.plist */,
				037806472337C43400B18953 /* MyStudyTime.xcdatamodeld */,
			);
			path = MyStudyTime;
			sourceTree = "<group>";
		};
/* End PBXGroup section */

/* Begin PBXNativeTarget section */
		0378063A2337C43400B18953 /* MyStudyTime */ = {
			isa = PBXNativeTarget;
			buildConfigurationList = 037806522337C43500B18953 /* Build configuration list for PBXNativeTarget "MyStudyTime" */;
			buildPhases = (
				037806372337C43400B18953 /* Sources */,
				037806382337C43400B18953 /* Frameworks */,
				037806392337C43400B18953 /* Resources */,
			);
			buildRules = (
			);
			dependencies = (
			);
			name = MyStudyTime;
			productName = MyStudyTime;
			productReference = 0378063B2337C43400B18953 /* MyStudyTime.app */;
			productType = "com.apple.product-type.application";
		};
/* End PBXNativeTarget section */

/* Begin PBXProject section */
		037806332337C43400B18953 /* Project object */ = {
			isa = PBXProject;
			attributes = {
				LastSwiftUpdateCheck = 1100;
				LastUpgradeCheck = 1100;
				ORGANIZATIONNAME = "Ufuoma Okoro";
				TargetAttributes = {
					0378063A2337C43400B18953 = {
						CreatedOnToolsVersion = 11.0;
					};
				};
			};
			buildConfigurationList = 037806362337C43400B18953 /* Build configuration list for PBXProject "MyStudyTime" */;
			compatibilityVersion = "Xcode 9.3";
			developmentRegion = en;
			hasScannedForEncodings = 0;
			knownRegions = (
				en,
				Base,
			);
			mainGroup = 037806322337C43400B18953;
			productRefGroup = 0378063C2337C43400B18953 /* Products */;
			projectDirPath = "";
			projectRoot = "";
			targets = (
				0378063A2337C43400B18953 /* MyStudyTime */,
			);
		};
/* End PBXProject section */

/* Begin PBXResourcesBuildPhase section */
		037806392337C43400B18953 /* Resources */ = {
			isa = PBXResourcesBuildPhase;
			buildActionMask = 2147483647;
			files = (
				0378064E2337C43500B18953 /* LaunchScreen.storyboard in Resources */,
				0378064B2337C43500B18953 /* Assets.xcassets in Resources */,
				037806462337C43400B18953 /* Main.storyboard in Resources */,
			);
			runOnlyForDeploymentPostprocessing = 0;
		};
/* End PBXResourcesBuildPhase section */

/* Begin PBXSourcesBuildPhase section */
		037806372337C43400B18953 /* Sources */ = {
			isa = PBXSourcesBuildPhase;
			buildActionMask = 2147483647;
			files = (
				037806562337C4D900B18953 /* StudyMainPage_VC.swift in Sources */,
				03F1A569235FA26700DEB312 /* DeleteRecord_VC.swift in Sources */,
				0378063F2337C43400B18953 /* AppDelegate.swift in Sources */,
				03F1A56B235FB34900DEB312 /* delStudyRecCell_VC.swift in Sources */,
				039257CE2357B31B009D51F5 /* SubjectReportCell_VC.swift in Sources */,
				03076EE8234A6E9E0059D1A1 /* studyRptByDate_VC.swift in Sources */,
				0358B26B23551FEB00CE9AFD /* TargetsReport_VC.swift in Sources */,
				03076EE6234926260059D1A1 /* ReportnMenu_VC.swift in Sources */,
				03F1A56F2368E52300DEB312 /* TargetsDetailsRptCell_TVC.swift in Sources */,
				03ED96F4235F8AF5009C7273 /* Maintenance_VC.swift in Sources */,
				039257CC2357AAF6009D51F5 /* SubjectReport_VC.swift in Sources */,
				037806492337C43400B18953 /* MyStudyTime.xcdatamodeld in Sources */,
				034138AA233968F9002D1B8F /* StudyEntry_VC.swift in Sources */,
				03F1A56D2368DAE000DEB312 /* TargetDetailsRpt_VC.swift in Sources */,
				037806412337C43400B18953 /* SceneDelegate.swift in Sources */,
				0358B26923543FEE00CE9AFD /* StudyTargets_V2_VC.swift in Sources */,
				03076EEA234A8A540059D1A1 /* stdyRptByDateCell_VC.swift in Sources */,
				034922E1234495D9003F705E /* StudyTargets_VC.swift in Sources */,
			);
			runOnlyForDeploymentPostprocessing = 0;
		};
/* End PBXSourcesBuildPhase section */

/* Begin PBXVariantGroup section */
		037806442337C43400B18953 /* Main.storyboard */ = {
			isa = PBXVariantGroup;
			children = (
				037806452337C43400B18953 /* Base */,
			);
			name = Main.storyboard;
			sourceTree = "<group>";
		};
		0378064C2337C43500B18953 /* LaunchScreen.storyboard */ = {
			isa = PBXVariantGroup;
			children = (
				0378064D2337C43500B18953 /* Base */,
			);
			name = LaunchScreen.storyboard;
			sourceTree = "<group>";
		};
/* End PBXVariantGroup section */

/* Begin XCBuildConfiguration section */
		037806502337C43500B18953 /* Debug */ = {
			isa = XCBuildConfiguration;
			buildSettings = {
				ALWAYS_SEARCH_USER_PATHS = NO;
				CLANG_ANALYZER_NONNULL = YES;
				CLANG_ANALYZER_NUMBER_OBJECT_CONVERSION = YES_AGGRESSIVE;
				CLANG_CXX_LANGUAGE_STANDARD = "gnu++14";
				CLANG_CXX_LIBRARY = "libc++";
				CLANG_ENABLE_MODULES = YES;
				CLANG_ENABLE_OBJC_ARC = YES;
				CLANG_ENABLE_OBJC_WEAK = YES;
				CLANG_WARN_BLOCK_CAPTURE_AUTORELEASING = YES;
				CLANG_WARN_BOOL_CONVERSION = YES;
				CLANG_WARN_COMMA = YES;
				CLANG_WARN_CONSTANT_CONVERSION = YES;
				CLANG_WARN_DEPRECATED_OBJC_IMPLEMENTATIONS = YES;
				CLANG_WARN_DIRECT_OBJC_ISA_USAGE = YES_ERROR;
				CLANG_WARN_DOCUMENTATION_COMMENTS = YES;
				CLANG_WARN_EMPTY_BODY = YES;
				CLANG_WARN_ENUM_CONVERSION = YES;
				CLANG_WARN_INFINITE_RECURSION = YES;
				CLANG_WARN_INT_CONVERSION = YES;
				CLANG_WARN_NON_LITERAL_NULL_CONVERSION = YES;
				CLANG_WARN_OBJC_IMPLICIT_RETAIN_SELF = YES;
				CLANG_WARN_OBJC_LITERAL_CONVERSION = YES;
				CLANG_WARN_OBJC_ROOT_CLASS = YES_ERROR;
				CLANG_WARN_RANGE_LOOP_ANALYSIS = YES;
				CLANG_WARN_STRICT_PROTOTYPES = YES;
				CLANG_WARN_SUSPICIOUS_MOVE = YES;
				CLANG_WARN_UNGUARDED_AVAILABILITY = YES_AGGRESSIVE;
				CLANG_WARN_UNREACHABLE_CODE = YES;
				CLANG_WARN__DUPLICATE_METHOD_MATCH = YES;
				COPY_PHASE_STRIP = NO;
				DEBUG_INFORMATION_FORMAT = dwarf;
				ENABLE_STRICT_OBJC_MSGSEND = YES;
				ENABLE_TESTABILITY = YES;
				GCC_C_LANGUAGE_STANDARD = gnu11;
				GCC_DYNAMIC_NO_PIC = NO;
				GCC_NO_COMMON_BLOCKS = YES;
				GCC_OPTIMIZATION_LEVEL = 0;
				GCC_PREPROCESSOR_DEFINITIONS = (
					"DEBUG=1",
					"$(inherited)",
				);
				GCC_WARN_64_TO_32_BIT_CONVERSION = YES;
				GCC_WARN_ABOUT_RETURN_TYPE = YES_ERROR;
				GCC_WARN_UNDECLARED_SELECTOR = YES;
				GCC_WARN_UNINITIALIZED_AUTOS = YES_AGGRESSIVE;
				GCC_WARN_UNUSED_FUNCTION = YES;
				GCC_WARN_UNUSED_VARIABLE = YES;
				IPHONEOS_DEPLOYMENT_TARGET = 13.0;
				MTL_ENABLE_DEBUG_INFO = INCLUDE_SOURCE;
				MTL_FAST_MATH = YES;
				ONLY_ACTIVE_ARCH = YES;
				SDKROOT = iphoneos;
				SWIFT_ACTIVE_COMPILATION_CONDITIONS = DEBUG;
				SWIFT_OPTIMIZATION_LEVEL = "-Onone";
			};
			name = Debug;
		};
		037806512337C43500B18953 /* Release */ = {
			isa = XCBuildConfiguration;
			buildSettings = {
				ALWAYS_SEARCH_USER_PATHS = NO;
				CLANG_ANALYZER_NONNULL = YES;
				CLANG_ANALYZER_NUMBER_OBJECT_CONVERSION = YES_AGGRESSIVE;
				CLANG_CXX_LANGUAGE_STANDARD = "gnu++14";
				CLANG_CXX_LIBRARY = "libc++";
				CLANG_ENABLE_MODULES = YES;
				CLANG_ENABLE_OBJC_ARC = YES;
				CLANG_ENABLE_OBJC_WEAK = YES;
				CLANG_WARN_BLOCK_CAPTURE_AUTORELEASING = YES;
				CLANG_WARN_BOOL_CONVERSION = YES;
				CLANG_WARN_COMMA = YES;
				CLANG_WARN_CONSTANT_CONVERSION = YES;
				CLANG_WARN_DEPRECATED_OBJC_IMPLEMENTATIONS = YES;
				CLANG_WARN_DIRECT_OBJC_ISA_USAGE = YES_ERROR;
				CLANG_WARN_DOCUMENTATION_COMMENTS = YES;
				CLANG_WARN_EMPTY_BODY = YES;
				CLANG_WARN_ENUM_CONVERSION = YES;
				CLANG_WARN_INFINITE_RECURSION = YES;
				CLANG_WARN_INT_CONVERSION = YES;
				CLANG_WARN_NON_LITERAL_NULL_CONVERSION = YES;
				CLANG_WARN_OBJC_IMPLICIT_RETAIN_SELF = YES;
				CLANG_WARN_OBJC_LITERAL_CONVERSION = YES;
				CLANG_WARN_OBJC_ROOT_CLASS = YES_ERROR;
				CLANG_WARN_RANGE_LOOP_ANALYSIS = YES;
				CLANG_WARN_STRICT_PROTOTYPES = YES;
				CLANG_WARN_SUSPICIOUS_MOVE = YES;
				CLANG_WARN_UNGUARDED_AVAILABILITY = YES_AGGRESSIVE;
				CLANG_WARN_UNREACHABLE_CODE = YES;
				CLANG_WARN__DUPLICATE_METHOD_MATCH = YES;
				COPY_PHASE_STRIP = NO;
				DEBUG_INFORMATION_FORMAT = "dwarf-with-dsym";
				ENABLE_NS_ASSERTIONS = NO;
				ENABLE_STRICT_OBJC_MSGSEND = YES;
				GCC_C_LANGUAGE_STANDARD = gnu11;
				GCC_NO_COMMON_BLOCKS = YES;
				GCC_WARN_64_TO_32_BIT_CONVERSION = YES;
				GCC_WARN_ABOUT_RETURN_TYPE = YES_ERROR;
				GCC_WARN_UNDECLARED_SELECTOR = YES;
				GCC_WARN_UNINITIALIZED_AUTOS = YES_AGGRESSIVE;
				GCC_WARN_UNUSED_FUNCTION = YES;
				GCC_WARN_UNUSED_VARIABLE = YES;
				IPHONEOS_DEPLOYMENT_TARGET = 13.0;
				MTL_ENABLE_DEBUG_INFO = NO;
				MTL_FAST_MATH = YES;
				SDKROOT = iphoneos;
				SWIFT_COMPILATION_MODE = wholemodule;
				SWIFT_OPTIMIZATION_LEVEL = "-O";
				VALIDATE_PRODUCT = YES;
			};
			name = Release;
		};
		037806532337C43500B18953 /* Debug */ = {
			isa = XCBuildConfiguration;
			buildSettings = {
				ASSETCATALOG_COMPILER_APPICON_NAME = AppIcon;
				CODE_SIGN_STYLE = Automatic;
				INFOPLIST_FILE = MyStudyTime/Info.plist;
				LD_RUNPATH_SEARCH_PATHS = (
					"$(inherited)",
					"@executable_path/Frameworks",
				);
				PRODUCT_BUNDLE_IDENTIFIER = "ufookoro-me.com.MyStudyTime";
				PRODUCT_NAME = "$(TARGET_NAME)";
				SWIFT_VERSION = 5.0;
				TARGETED_DEVICE_FAMILY = "1,2";
			};
			name = Debug;
		};
		037806542337C43500B18953 /* Release */ = {
			isa = XCBuildConfiguration;
			buildSettings = {
				ASSETCATALOG_COMPILER_APPICON_NAME = AppIcon;
				CODE_SIGN_STYLE = Automatic;
				INFOPLIST_FILE = MyStudyTime/Info.plist;
				LD_RUNPATH_SEARCH_PATHS = (
					"$(inherited)",
					"@executable_path/Frameworks",
				);
				PRODUCT_BUNDLE_IDENTIFIER = "ufookoro-me.com.MyStudyTime";
				PRODUCT_NAME = "$(TARGET_NAME)";
				SWIFT_VERSION = 5.0;
				TARGETED_DEVICE_FAMILY = "1,2";
			};
			name = Release;
		};
/* End XCBuildConfiguration section */

/* Begin XCConfigurationList section */
		037806362337C43400B18953 /* Build configuration list for PBXProject "MyStudyTime" */ = {
			isa = XCConfigurationList;
			buildConfigurations = (
				037806502337C43500B18953 /* Debug */,
				037806512337C43500B18953 /* Release */,
			);
			defaultConfigurationIsVisible = 0;
			defaultConfigurationName = Release;
		};
		037806522337C43500B18953 /* Build configuration list for PBXNativeTarget "MyStudyTime" */ = {
			isa = XCConfigurationList;
			buildConfigurations = (
				037806532337C43500B18953 /* Debug */,
				037806542337C43500B18953 /* Release */,
			);
			defaultConfigurationIsVisible = 0;
			defaultConfigurationName = Release;
		};
/* End XCConfigurationList section */

/* Begin XCVersionGroup section */
		037806472337C43400B18953 /* MyStudyTime.xcdatamodeld */ = {
			isa = XCVersionGroup;
			children = (
				037806482337C43400B18953 /* MyStudyTime.xcdatamodel */,
			);
			currentVersion = 037806482337C43400B18953 /* MyStudyTime.xcdatamodel */;
			path = MyStudyTime.xcdatamodeld;
			sourceTree = "<group>";
			versionGroupType = wrapper.xcdatamodel;
		};
/* End XCVersionGroup section */
	};
	rootObject = 037806332337C43400B18953 /* Project object */;
}
